
Microsoft Visual Studio Solution File, Format Version 12.00
# Visual Studio Version 17
VisualStudioVersion = 17.7.34202.233
MinimumVisualStudioVersion = 10.0.40219.1
Project("{9A19103F-16F7-4668-BE54-9A1E7A4F7556}") = "ValueObjects", "ValueObjects\ValueObjects.csproj", "{50DC5421-EA1E-4256-985E-9B361E78ADC3}"
EndProject
Project("{9A19103F-16F7-4668-BE54-9A1E7A4F7556}") = "ValueObject.Tests", "ValueObject.Tests\ValueObject.Tests.csproj", "{D4C98F6F-F864-4EC0-B67E-805972B396AE}"
EndProject
Global
	GlobalSection(SolutionConfigurationPlatforms) = preSolution
		Debug|Any CPU = Debug|Any CPU
		Release|Any CPU = Release|Any CPU
	EndGlobalSection
	GlobalSection(ProjectConfigurationPlatforms) = postSolution
		{50DC5421-EA1E-4256-985E-9B361E78ADC3}.Debug|Any CPU.ActiveCfg = Debug|Any CPU
		{50DC5421-EA1E-4256-985E-9B361E78ADC3}.Debug|Any CPU.Build.0 = Debug|Any CPU
		{50DC5421-EA1E-4256-985E-9B361E78ADC3}.Release|Any CPU.ActiveCfg = Release|Any CPU
		{50DC5421-EA1E-4256-985E-9B361E78ADC3}.Release|Any CPU.Build.0 = Release|Any CPU
		{D4C98F6F-F864-4EC0-B67E-805972B396AE}.Debug|Any CPU.ActiveCfg = Debug|Any CPU
		{D4C98F6F-F864-4EC0-B67E-805972B396AE}.Debug|Any CPU.Build.0 = Debug|Any CPU
		{D4C98F6F-F864-4EC0-B67E-805972B396AE}.Release|Any CPU.ActiveCfg = Release|Any CPU
		{D4C98F6F-F864-4EC0-B67E-805972B396AE}.Release|Any CPU.Build.0 = Release|Any CPU
	EndGlobalSection
	GlobalSection(SolutionProperties) = preSolution
		HideSolutionNode = FALSE
	EndGlobalSection
	GlobalSection(ExtensibilityGlobals) = postSolution
		SolutionGuid = {D768AC43-CF60-4406-9339-ED969A102249}
	EndGlobalSection
EndGlobal
